
Microsoft Visual Studio Solution File, Format Version 12.00
# Visual Studio Version 17
VisualStudioVersion = 17.3.32819.101
MinimumVisualStudioVersion = 10.0.40219.1
Project("{9A19103F-16F7-4668-BE54-9A1E7A4F7556}") = "desktop", "desktop\desktop.csproj", "{9968D062-B455-4C87-95B0-36C095CF9912}"
EndProject
Global
	GlobalSection(SolutionConfigurationPlatforms) = preSolution
		Debug|Any CPU = Debug|Any CPU
		Release|Any CPU = Release|Any CPU
	EndGlobalSection
	GlobalSection(ProjectConfigurationPlatforms) = postSolution
		{9968D062-B455-4C87-95B0-36C095CF9912}.Debug|Any CPU.ActiveCfg = Debug|Any CPU
		{9968D062-B455-4C87-95B0-36C095CF9912}.Debug|Any CPU.Build.0 = Debug|Any CPU
		{9968D062-B455-4C87-95B0-36C095CF9912}.Release|Any CPU.ActiveCfg = Release|Any CPU
		{9968D062-B455-4C87-95B0-36C095CF9912}.Release|Any CPU.Build.0 = Release|Any CPU
	EndGlobalSection
	GlobalSection(SolutionProperties) = preSolution
		HideSolutionNode = FALSE
	EndGlobalSection
	GlobalSection(ExtensibilityGlobals) = postSolution
		SolutionGuid = {0F606C52-F4AF-49B0-BF21-CF81FEC63FE9}
	EndGlobalSection
EndGlobal
